
Microsoft Visual Studio Solution File, Format Version 12.00
# Visual Studio Version 17
VisualStudioVersion = 17.2.32516.85
MinimumVisualStudioVersion = 10.0.40219.1
Project("{FAE04EC0-301F-11D3-BF4B-00C04F79EFBC}") = "Calculadora", "Calculadora\Calculadora.csproj", "{4BDB8BA9-DF9F-459F-822A-996C117C4E56}"
EndProject
Global
	GlobalSection(SolutionConfigurationPlatforms) = preSolution
		Debug|Any CPU = Debug|Any CPU
		Release|Any CPU = Release|Any CPU
	EndGlobalSection
	GlobalSection(ProjectConfigurationPlatforms) = postSolution
		{4BDB8BA9-DF9F-459F-822A-996C117C4E56}.Debug|Any CPU.ActiveCfg = Debug|Any CPU
		{4BDB8BA9-DF9F-459F-822A-996C117C4E56}.Debug|Any CPU.Build.0 = Debug|Any CPU
		{4BDB8BA9-DF9F-459F-822A-996C117C4E56}.Release|Any CPU.ActiveCfg = Release|Any CPU
		{4BDB8BA9-DF9F-459F-822A-996C117C4E56}.Release|Any CPU.Build.0 = Release|Any CPU
	EndGlobalSection
	GlobalSection(SolutionProperties) = preSolution
		HideSolutionNode = FALSE
	EndGlobalSection
	GlobalSection(ExtensibilityGlobals) = postSolution
		SolutionGuid = {CEB843B5-425A-44D4-8604-AFA19871E489}
	EndGlobalSection
EndGlobal
